{
  "name": "@silverassist/agents-toolkit",
  "version": "2.5.2",
  "lockfileVersion": 3,
  "requires": true,
  "packages": {
    "": {
      "name": "@silverassist/agents-toolkit",
      "version": "2.5.2",
      "license": "PolyForm-Noncommercial-1.0.0",
      "bin": {
        "agents-toolkit": "bin/cli.js"
      },
      "engines": {
        "node": ">=18.0.0"
      }
    }
  }
}
